# @generated by Move, please check-in and do not edit manually.

[move]
version = 3
manifest_digest = "BDF65C231EEBE196BAA44C6CE4B8DD96E46688AD5B66C7E2BB26E6BC2592BEBA"
deps_digest = "F8BBB0CCB2491CA29A3DF03D6F92277A4F3574266507ACD77214D37ECA3F3082"
dependencies = [
  { id = "Sui", name = "Sui" },
]

[[move.package]]
id = "MoveStdlib"
source = { local = "C:\\Users\\User\\sui\\crates\\sui-framework\\packages\\move-stdlib" }

[[move.package]]
id = "Sui"
source = { local = "C:\\Users\\User\\sui\\crates\\sui-framework\\packages\\sui-framework" }

dependencies = [
  { id = "MoveStdlib", name = "MoveStdlib" },
]

[move.toolchain-version]
compiler-version = "1.48.2"
edition = "2024"
flavor = "sui"

[env]

[env.devnet]
chain-id = "06039fc3"
original-published-id = "0x4901795f977d5732ca1cd772fd1f81419e9595f65447d6364bf1812ca94126a1"
latest-published-id = "0x4901795f977d5732ca1cd772fd1f81419e9595f65447d6364bf1812ca94126a1"
published-version = "1"
